Microsoft Visual Studio Solution File, Format Version 8.00
Project("{8BC9CEB8-8B4A-11D0-8D11-00A0C91BC942}") = "DMO_Lib", "..\..\..\DMO\DMO_Lib\DMO_Lib.vcproj", "{A1851AA0-13F5-41CA-B652-72CA628D4396}"
	ProjectSection(ProjectDependencies) = postProject
	EndProjectSection
EndProject
Project("{8BC9CEB8-8B4A-11D0-8D11-00A0C91BC942}") = "DScalerFilter", "DScalerFilter.vcproj", "{B17E743A-76CE-4B0A-8416-1DE9058EF5F3}"
	ProjectSection(ProjectDependencies) = postProject
		{18B14EBC-4CB8-4D79-B821-357D63684D9B} = {18B14EBC-4CB8-4D79-B821-357D63684D9B}
		{07059A10-3663-4A66-B343-6DF1458E6E22} = {07059A10-3663-4A66-B343-6DF1458E6E22}
		{DFAA664F-E75A-4AAC-9E05-412955E2CE67} = {DFAA664F-E75A-4AAC-9E05-412955E2CE67}
		{A1851AA0-13F5-41CA-B652-72CA628D4396} = {A1851AA0-13F5-41CA-B652-72CA628D4396}
		{EF69E578-0599-45AC-9337-CF81006A1D78} = {EF69E578-0599-45AC-9337-CF81006A1D78}
	EndProjectSection
EndProject
Project("{8BC9CEB8-8B4A-11D0-8D11-00A0C91BC942}") = "Deint_Bob", "..\..\..\DMO\Deinterlace\Deint_Bob\Deint_Bob.vcproj", "{EF69E578-0599-45AC-9337-CF81006A1D78}"
	ProjectSection(ProjectDependencies) = postProject
		{A1851AA0-13F5-41CA-B652-72CA628D4396} = {A1851AA0-13F5-41CA-B652-72CA628D4396}
	EndProjectSection
EndProject
Project("{8BC9CEB8-8B4A-11D0-8D11-00A0C91BC942}") = "Deint_Diag", "..\..\..\DMO\Deinterlace\Deint_Diag\Deint_Diag.vcproj", "{DFAA664F-E75A-4AAC-9E05-412955E2CE67}"
	ProjectSection(ProjectDependencies) = postProject
		{A1851AA0-13F5-41CA-B652-72CA628D4396} = {A1851AA0-13F5-41CA-B652-72CA628D4396}
	EndProjectSection
EndProject
Project("{8BC9CEB8-8B4A-11D0-8D11-00A0C91BC942}") = "Deint_Weave", "..\..\..\DMO\Deinterlace\Deint_Weave\Deint_Weave.vcproj", "{07059A10-3663-4A66-B343-6DF1458E6E22}"
	ProjectSection(ProjectDependencies) = postProject
		{A1851AA0-13F5-41CA-B652-72CA628D4396} = {A1851AA0-13F5-41CA-B652-72CA628D4396}
	EndProjectSection
EndProject
Project("{8BC9CEB8-8B4A-11D0-8D11-00A0C91BC942}") = "Video_Gamma", "..\..\..\DMO\Video\Video_Gamma\Video_Gamma.vcproj", "{18B14EBC-4CB8-4D79-B821-357D63684D9B}"
	ProjectSection(ProjectDependencies) = postProject
		{A1851AA0-13F5-41CA-B652-72CA628D4396} = {A1851AA0-13F5-41CA-B652-72CA628D4396}
	EndProjectSection
EndProject
Project("{8BC9CEB8-8B4A-11D0-8D11-00A0C91BC942}") = "GenDMOProp", "..\..\..\GenDMOProp\GenDMOProp.vcproj", "{0F39947C-180A-48C7-B5DE-454B968ADEB6}"
	ProjectSection(ProjectDependencies) = postProject
	EndProjectSection
EndProject
Project("{8BC9CEB8-8B4A-11D0-8D11-00A0C91BC942}") = "Filter_Lib", "..\..\Filter_Lib\Filter_Lib.vcproj", "{F4892194-4D03-4CAC-85C0-351DCE97B1A8}"
	ProjectSection(ProjectDependencies) = postProject
	EndProjectSection
EndProject
Global
	GlobalSection(SolutionConfiguration) = preSolution
		Debug = Debug
		Release = Release
	EndGlobalSection
	GlobalSection(ProjectConfiguration) = postSolution
		{A1851AA0-13F5-41CA-B652-72CA628D4396}.Debug.ActiveCfg = Debug|Win32
		{A1851AA0-13F5-41CA-B652-72CA628D4396}.Debug.Build.0 = Debug|Win32
		{A1851AA0-13F5-41CA-B652-72CA628D4396}.Release.ActiveCfg = Release|Win32
		{A1851AA0-13F5-41CA-B652-72CA628D4396}.Release.Build.0 = Release|Win32
		{B17E743A-76CE-4B0A-8416-1DE9058EF5F3}.Debug.ActiveCfg = Debug|Win32
		{B17E743A-76CE-4B0A-8416-1DE9058EF5F3}.Debug.Build.0 = Debug|Win32
		{B17E743A-76CE-4B0A-8416-1DE9058EF5F3}.Release.ActiveCfg = Release|Win32
		{B17E743A-76CE-4B0A-8416-1DE9058EF5F3}.Release.Build.0 = Release|Win32
		{EF69E578-0599-45AC-9337-CF81006A1D78}.Debug.ActiveCfg = Debug|Win32
		{EF69E578-0599-45AC-9337-CF81006A1D78}.Debug.Build.0 = Debug|Win32
		{EF69E578-0599-45AC-9337-CF81006A1D78}.Release.ActiveCfg = Release|Win32
		{EF69E578-0599-45AC-9337-CF81006A1D78}.Release.Build.0 = Release|Win32
		{DFAA664F-E75A-4AAC-9E05-412955E2CE67}.Debug.ActiveCfg = Debug|Win32
		{DFAA664F-E75A-4AAC-9E05-412955E2CE67}.Debug.Build.0 = Debug|Win32
		{DFAA664F-E75A-4AAC-9E05-412955E2CE67}.Release.ActiveCfg = Release|Win32
		{DFAA664F-E75A-4AAC-9E05-412955E2CE67}.Release.Build.0 = Release|Win32
		{07059A10-3663-4A66-B343-6DF1458E6E22}.Debug.ActiveCfg = Debug|Win32
		{07059A10-3663-4A66-B343-6DF1458E6E22}.Debug.Build.0 = Debug|Win32
		{07059A10-3663-4A66-B343-6DF1458E6E22}.Release.ActiveCfg = Release|Win32
		{07059A10-3663-4A66-B343-6DF1458E6E22}.Release.Build.0 = Release|Win32
		{18B14EBC-4CB8-4D79-B821-357D63684D9B}.Debug.ActiveCfg = Debug|Win32
		{18B14EBC-4CB8-4D79-B821-357D63684D9B}.Debug.Build.0 = Debug|Win32
		{18B14EBC-4CB8-4D79-B821-357D63684D9B}.Release.ActiveCfg = Release|Win32
		{18B14EBC-4CB8-4D79-B821-357D63684D9B}.Release.Build.0 = Release|Win32
		{0F39947C-180A-48C7-B5DE-454B968ADEB6}.Debug.ActiveCfg = Debug|Win32
		{0F39947C-180A-48C7-B5DE-454B968ADEB6}.Debug.Build.0 = Debug|Win32
		{0F39947C-180A-48C7-B5DE-454B968ADEB6}.Release.ActiveCfg = Release|Win32
		{0F39947C-180A-48C7-B5DE-454B968ADEB6}.Release.Build.0 = Release|Win32
		{F4892194-4D03-4CAC-85C0-351DCE97B1A8}.Debug.ActiveCfg = Debug|Win32
		{F4892194-4D03-4CAC-85C0-351DCE97B1A8}.Debug.Build.0 = Debug|Win32
		{F4892194-4D03-4CAC-85C0-351DCE97B1A8}.Release.ActiveCfg = Release|Win32
		{F4892194-4D03-4CAC-85C0-351DCE97B1A8}.Release.Build.0 = Release|Win32
	EndGlobalSection
	GlobalSection(ExtensibilityGlobals) = postSolution
	EndGlobalSection
	GlobalSection(ExtensibilityAddIns) = postSolution
	EndGlobalSection
EndGlobal
