Microsoft Visual Studio Solution File, Format Version 9.00
# Visual Studio 2005
Project("{8BC9CEB8-8B4A-11D0-8D11-00A0C91BC942}") = "DMO_Lib", "..\..\..\DMO\DMO_Lib\DMO_Lib2008.vcproj", "{A1851AA0-13F5-41CA-B652-72CA628D4396}"
EndProject
Project("{8BC9CEB8-8B4A-11D0-8D11-00A0C91BC942}") = "DScalerFilter", "DScalerFilter2008.vcproj", "{B17E743A-76CE-4B0A-8416-1DE9058EF5F3}"
	ProjectSection(ProjectDependencies) = postProject
		{AC92CAEE-0134-42A6-8F11-AC7948AB8E87} = {AC92CAEE-0134-42A6-8F11-AC7948AB8E87}
		{18B14EBC-4CB8-4D79-B821-357D63684D9B} = {18B14EBC-4CB8-4D79-B821-357D63684D9B}
		{A1851AA0-13F5-41CA-B652-72CA628D4396} = {A1851AA0-13F5-41CA-B652-72CA628D4396}
		{0F39947C-180A-48C7-B5DE-454B968ADEB6} = {0F39947C-180A-48C7-B5DE-454B968ADEB6}
		{EF69E578-0599-45AC-9337-CF81006A1D78} = {EF69E578-0599-45AC-9337-CF81006A1D78}
		{DFAA664F-E75A-4AAC-9E05-412955E2CE67} = {DFAA664F-E75A-4AAC-9E05-412955E2CE67}
		{CFBDB32E-DDD2-4D7D-8BE3-90B160BC4DA2} = {CFBDB32E-DDD2-4D7D-8BE3-90B160BC4DA2}
		{07059A10-3663-4A66-B343-6DF1458E6E22} = {07059A10-3663-4A66-B343-6DF1458E6E22}
	EndProjectSection
EndProject
Project("{8BC9CEB8-8B4A-11D0-8D11-00A0C91BC942}") = "Deint_Bob", "..\..\..\DMO\Deinterlace\Deint_Bob\Deint_Bob2008.vcproj", "{EF69E578-0599-45AC-9337-CF81006A1D78}"
	ProjectSection(ProjectDependencies) = postProject
		{0F39947C-180A-48C7-B5DE-454B968ADEB6} = {0F39947C-180A-48C7-B5DE-454B968ADEB6}
		{A1851AA0-13F5-41CA-B652-72CA628D4396} = {A1851AA0-13F5-41CA-B652-72CA628D4396}
	EndProjectSection
EndProject
Project("{8BC9CEB8-8B4A-11D0-8D11-00A0C91BC942}") = "Deint_Diag", "..\..\..\DMO\Deinterlace\Deint_Diag\Deint_Diag2008.vcproj", "{DFAA664F-E75A-4AAC-9E05-412955E2CE67}"
	ProjectSection(ProjectDependencies) = postProject
		{0F39947C-180A-48C7-B5DE-454B968ADEB6} = {0F39947C-180A-48C7-B5DE-454B968ADEB6}
		{A1851AA0-13F5-41CA-B652-72CA628D4396} = {A1851AA0-13F5-41CA-B652-72CA628D4396}
	EndProjectSection
EndProject
Project("{8BC9CEB8-8B4A-11D0-8D11-00A0C91BC942}") = "Deint_Weave", "..\..\..\DMO\Deinterlace\Deint_Weave\Deint_Weave2008.vcproj", "{07059A10-3663-4A66-B343-6DF1458E6E22}"
	ProjectSection(ProjectDependencies) = postProject
		{0F39947C-180A-48C7-B5DE-454B968ADEB6} = {0F39947C-180A-48C7-B5DE-454B968ADEB6}
		{A1851AA0-13F5-41CA-B652-72CA628D4396} = {A1851AA0-13F5-41CA-B652-72CA628D4396}
	EndProjectSection
EndProject
Project("{8BC9CEB8-8B4A-11D0-8D11-00A0C91BC942}") = "Video_Gamma", "..\..\..\DMO\Video\Video_Gamma\Video_Gamma2008.vcproj", "{18B14EBC-4CB8-4D79-B821-357D63684D9B}"
	ProjectSection(ProjectDependencies) = postProject
		{0F39947C-180A-48C7-B5DE-454B968ADEB6} = {0F39947C-180A-48C7-B5DE-454B968ADEB6}
		{A1851AA0-13F5-41CA-B652-72CA628D4396} = {A1851AA0-13F5-41CA-B652-72CA628D4396}
	EndProjectSection
EndProject
Project("{8BC9CEB8-8B4A-11D0-8D11-00A0C91BC942}") = "GenDMOProp", "..\..\..\GenDMOProp\GenDMOProp2008.vcproj", "{0F39947C-180A-48C7-B5DE-454B968ADEB6}"
	ProjectSection(ProjectDependencies) = postProject
		{A1851AA0-13F5-41CA-B652-72CA628D4396} = {A1851AA0-13F5-41CA-B652-72CA628D4396}
	EndProjectSection
EndProject
Project("{8BC9CEB8-8B4A-11D0-8D11-00A0C91BC942}") = "Filter_Lib", "..\..\Filter_Lib\Filter_Lib2008.vcproj", "{F4892194-4D03-4CAC-85C0-351DCE97B1A8}"
EndProject
Project("{8BC9CEB8-8B4A-11D0-8D11-00A0C91BC942}") = "FD_DScaler", "..\..\..\DMO\FilmDetect\FD_DScaler\FD_DScaler2008.vcproj", "{CFBDB32E-DDD2-4D7D-8BE3-90B160BC4DA2}"
	ProjectSection(ProjectDependencies) = postProject
		{0F39947C-180A-48C7-B5DE-454B968ADEB6} = {0F39947C-180A-48C7-B5DE-454B968ADEB6}
		{A1851AA0-13F5-41CA-B652-72CA628D4396} = {A1851AA0-13F5-41CA-B652-72CA628D4396}
	EndProjectSection
EndProject
Project("{8BC9CEB8-8B4A-11D0-8D11-00A0C91BC942}") = "VideoOutPin", "..\..\VideoOutPin\VideoOutPin2008.vcproj", "{AC92CAEE-0134-42A6-8F11-AC7948AB8E87}"
	ProjectSection(ProjectDependencies) = postProject
		{F4892194-4D03-4CAC-85C0-351DCE97B1A8} = {F4892194-4D03-4CAC-85C0-351DCE97B1A8}
	EndProjectSection
EndProject
Global
	GlobalSection(SolutionConfigurationPlatforms) = preSolution
		Debug|Win32 = Debug|Win32
		Release|Win32 = Release|Win32
	EndGlobalSection
	GlobalSection(ProjectConfigurationPlatforms) = postSolution
		{A1851AA0-13F5-41CA-B652-72CA628D4396}.Debug|Win32.ActiveCfg = Debug|Win32
		{A1851AA0-13F5-41CA-B652-72CA628D4396}.Debug|Win32.Build.0 = Debug|Win32
		{A1851AA0-13F5-41CA-B652-72CA628D4396}.Release|Win32.ActiveCfg = Release|Win32
		{A1851AA0-13F5-41CA-B652-72CA628D4396}.Release|Win32.Build.0 = Release|Win32
		{B17E743A-76CE-4B0A-8416-1DE9058EF5F3}.Debug|Win32.ActiveCfg = Debug|Win32
		{B17E743A-76CE-4B0A-8416-1DE9058EF5F3}.Debug|Win32.Build.0 = Debug|Win32
		{B17E743A-76CE-4B0A-8416-1DE9058EF5F3}.Release|Win32.ActiveCfg = Release|Win32
		{B17E743A-76CE-4B0A-8416-1DE9058EF5F3}.Release|Win32.Build.0 = Release|Win32
		{EF69E578-0599-45AC-9337-CF81006A1D78}.Debug|Win32.ActiveCfg = Debug|Win32
		{EF69E578-0599-45AC-9337-CF81006A1D78}.Debug|Win32.Build.0 = Debug|Win32
		{EF69E578-0599-45AC-9337-CF81006A1D78}.Release|Win32.ActiveCfg = Release|Win32
		{EF69E578-0599-45AC-9337-CF81006A1D78}.Release|Win32.Build.0 = Release|Win32
		{DFAA664F-E75A-4AAC-9E05-412955E2CE67}.Debug|Win32.ActiveCfg = Debug|Win32
		{DFAA664F-E75A-4AAC-9E05-412955E2CE67}.Debug|Win32.Build.0 = Debug|Win32
		{DFAA664F-E75A-4AAC-9E05-412955E2CE67}.Release|Win32.ActiveCfg = Release|Win32
		{DFAA664F-E75A-4AAC-9E05-412955E2CE67}.Release|Win32.Build.0 = Release|Win32
		{07059A10-3663-4A66-B343-6DF1458E6E22}.Debug|Win32.ActiveCfg = Debug|Win32
		{07059A10-3663-4A66-B343-6DF1458E6E22}.Debug|Win32.Build.0 = Debug|Win32
		{07059A10-3663-4A66-B343-6DF1458E6E22}.Release|Win32.ActiveCfg = Release|Win32
		{07059A10-3663-4A66-B343-6DF1458E6E22}.Release|Win32.Build.0 = Release|Win32
		{18B14EBC-4CB8-4D79-B821-357D63684D9B}.Debug|Win32.ActiveCfg = Debug|Win32
		{18B14EBC-4CB8-4D79-B821-357D63684D9B}.Debug|Win32.Build.0 = Debug|Win32
		{18B14EBC-4CB8-4D79-B821-357D63684D9B}.Release|Win32.ActiveCfg = Release|Win32
		{18B14EBC-4CB8-4D79-B821-357D63684D9B}.Release|Win32.Build.0 = Release|Win32
		{0F39947C-180A-48C7-B5DE-454B968ADEB6}.Debug|Win32.ActiveCfg = Debug|Win32
		{0F39947C-180A-48C7-B5DE-454B968ADEB6}.Debug|Win32.Build.0 = Debug|Win32
		{0F39947C-180A-48C7-B5DE-454B968ADEB6}.Release|Win32.ActiveCfg = Release|Win32
		{0F39947C-180A-48C7-B5DE-454B968ADEB6}.Release|Win32.Build.0 = Release|Win32
		{F4892194-4D03-4CAC-85C0-351DCE97B1A8}.Debug|Win32.ActiveCfg = Debug|Win32
		{F4892194-4D03-4CAC-85C0-351DCE97B1A8}.Debug|Win32.Build.0 = Debug|Win32
		{F4892194-4D03-4CAC-85C0-351DCE97B1A8}.Release|Win32.ActiveCfg = Release|Win32
		{F4892194-4D03-4CAC-85C0-351DCE97B1A8}.Release|Win32.Build.0 = Release|Win32
		{CFBDB32E-DDD2-4D7D-8BE3-90B160BC4DA2}.Debug|Win32.ActiveCfg = Debug|Win32
		{CFBDB32E-DDD2-4D7D-8BE3-90B160BC4DA2}.Debug|Win32.Build.0 = Debug|Win32
		{CFBDB32E-DDD2-4D7D-8BE3-90B160BC4DA2}.Release|Win32.ActiveCfg = Release|Win32
		{CFBDB32E-DDD2-4D7D-8BE3-90B160BC4DA2}.Release|Win32.Build.0 = Release|Win32
		{AC92CAEE-0134-42A6-8F11-AC7948AB8E87}.Debug|Win32.ActiveCfg = Debug|Win32
		{AC92CAEE-0134-42A6-8F11-AC7948AB8E87}.Debug|Win32.Build.0 = Debug|Win32
		{AC92CAEE-0134-42A6-8F11-AC7948AB8E87}.Release|Win32.ActiveCfg = Release|Win32
		{AC92CAEE-0134-42A6-8F11-AC7948AB8E87}.Release|Win32.Build.0 = Release|Win32
	EndGlobalSection
	GlobalSection(SolutionProperties) = preSolution
		HideSolutionNode = FALSE
	EndGlobalSection
EndGlobal
