Microsoft Visual Studio Solution File, Format Version 8.00
Project("{8BC9CEB8-8B4A-11D0-8D11-00A0C91BC942}") = "TSReaderFilter", "TSReaderFilter.vcproj", "{ED6400D4-001D-4856-B788-788DE7F375C5}"
	ProjectSection(ProjectDependencies) = postProject
		{0F39947C-180A-48C7-B5DE-454B968ADEB6} = {0F39947C-180A-48C7-B5DE-454B968ADEB6}
		{F4892194-4D03-4CAC-85C0-351DCE97B1A8} = {F4892194-4D03-4CAC-85C0-351DCE97B1A8}
	EndProjectSection
EndProject
Project("{8BC9CEB8-8B4A-11D0-8D11-00A0C91BC942}") = "Filter_Lib", "..\..\Filter_Lib\Filter_Lib.vcproj", "{F4892194-4D03-4CAC-85C0-351DCE97B1A8}"
	ProjectSection(ProjectDependencies) = postProject
	EndProjectSection
EndProject
Project("{8BC9CEB8-8B4A-11D0-8D11-00A0C91BC942}") = "GenDMOProp", "..\..\..\GenDMOProp\GenDMOProp.vcproj", "{0F39947C-180A-48C7-B5DE-454B968ADEB6}"
	ProjectSection(ProjectDependencies) = postProject
	EndProjectSection
EndProject
Project("{8BC9CEB8-8B4A-11D0-8D11-00A0C91BC942}") = "libdvbpsi", "libdvbpsi\vc++\libdvbpsi.vcproj", "{4E805F8C-4927-43D8-B6E4-C8F82AF670C3}"
	ProjectSection(ProjectDependencies) = postProject
	EndProjectSection
EndProject
Global
	GlobalSection(SolutionConfiguration) = preSolution
		Debug = Debug
		Release = Release
	EndGlobalSection
	GlobalSection(ProjectConfiguration) = postSolution
		{ED6400D4-001D-4856-B788-788DE7F375C5}.Debug.ActiveCfg = Debug|Win32
		{ED6400D4-001D-4856-B788-788DE7F375C5}.Debug.Build.0 = Debug|Win32
		{ED6400D4-001D-4856-B788-788DE7F375C5}.Release.ActiveCfg = Release|Win32
		{ED6400D4-001D-4856-B788-788DE7F375C5}.Release.Build.0 = Release|Win32
		{F4892194-4D03-4CAC-85C0-351DCE97B1A8}.Debug.ActiveCfg = Debug|Win32
		{F4892194-4D03-4CAC-85C0-351DCE97B1A8}.Debug.Build.0 = Debug|Win32
		{F4892194-4D03-4CAC-85C0-351DCE97B1A8}.Release.ActiveCfg = Release|Win32
		{F4892194-4D03-4CAC-85C0-351DCE97B1A8}.Release.Build.0 = Release|Win32
		{0F39947C-180A-48C7-B5DE-454B968ADEB6}.Debug.ActiveCfg = Debug|Win32
		{0F39947C-180A-48C7-B5DE-454B968ADEB6}.Debug.Build.0 = Debug|Win32
		{0F39947C-180A-48C7-B5DE-454B968ADEB6}.Release.ActiveCfg = Release|Win32
		{0F39947C-180A-48C7-B5DE-454B968ADEB6}.Release.Build.0 = Release|Win32
		{4E805F8C-4927-43D8-B6E4-C8F82AF670C3}.Debug.ActiveCfg = Debug|Win32
		{4E805F8C-4927-43D8-B6E4-C8F82AF670C3}.Debug.Build.0 = Debug|Win32
		{4E805F8C-4927-43D8-B6E4-C8F82AF670C3}.Release.ActiveCfg = Release|Win32
		{4E805F8C-4927-43D8-B6E4-C8F82AF670C3}.Release.Build.0 = Release|Win32
	EndGlobalSection
	GlobalSection(ExtensibilityGlobals) = postSolution
	EndGlobalSection
	GlobalSection(ExtensibilityAddIns) = postSolution
	EndGlobalSection
EndGlobal
