Microsoft Visual Studio Solution File, Format Version 8.00
Project("{8BC9CEB8-8B4A-11D0-8D11-00A0C91BC942}") = "ConvolverWrapper", "ConvolverWrapper.vcproj", "{B17E743A-76CE-4B0A-8416-1DE9058EF5F3}"
	ProjectSection(ProjectDependencies) = postProject
	EndProjectSection
EndProject
Project("{8BC9CEB8-8B4A-11D0-8D11-00A0C91BC942}") = "GenDMOProp", "..\..\..\GenDMOProp\GenDMOProp.vcproj", "{0F39947C-180A-48C7-B5DE-454B968ADEB6}"
	ProjectSection(ProjectDependencies) = postProject
	EndProjectSection
EndProject
Project("{8BC9CEB8-8B4A-11D0-8D11-00A0C91BC942}") = "Filter_Lib", "..\..\Filter_Lib\Filter_Lib.vcproj", "{F4892194-4D03-4CAC-85C0-351DCE97B1A8}"
	ProjectSection(ProjectDependencies) = postProject
	EndProjectSection
EndProject
Global
	GlobalSection(SolutionConfiguration) = preSolution
		Debug = Debug
		Release = Release
	EndGlobalSection
	GlobalSection(ProjectConfiguration) = postSolution
		{B17E743A-76CE-4B0A-8416-1DE9058EF5F3}.Debug.ActiveCfg = Debug|Win32
		{B17E743A-76CE-4B0A-8416-1DE9058EF5F3}.Debug.Build.0 = Debug|Win32
		{B17E743A-76CE-4B0A-8416-1DE9058EF5F3}.Release.ActiveCfg = Release|Win32
		{B17E743A-76CE-4B0A-8416-1DE9058EF5F3}.Release.Build.0 = Release|Win32
		{0F39947C-180A-48C7-B5DE-454B968ADEB6}.Debug.ActiveCfg = Debug|Win32
		{0F39947C-180A-48C7-B5DE-454B968ADEB6}.Debug.Build.0 = Debug|Win32
		{0F39947C-180A-48C7-B5DE-454B968ADEB6}.Release.ActiveCfg = Release|Win32
		{0F39947C-180A-48C7-B5DE-454B968ADEB6}.Release.Build.0 = Release|Win32
		{F4892194-4D03-4CAC-85C0-351DCE97B1A8}.Debug.ActiveCfg = Debug|Win32
		{F4892194-4D03-4CAC-85C0-351DCE97B1A8}.Debug.Build.0 = Debug|Win32
		{F4892194-4D03-4CAC-85C0-351DCE97B1A8}.Release.ActiveCfg = Release|Win32
		{F4892194-4D03-4CAC-85C0-351DCE97B1A8}.Release.Build.0 = Release|Win32
	EndGlobalSection
	GlobalSection(ExtensibilityGlobals) = postSolution
	EndGlobalSection
	GlobalSection(ExtensibilityAddIns) = postSolution
	EndGlobalSection
EndGlobal
