Microsoft Visual Studio Solution File, Format Version 9.00
# Visual Studio 2005
Project("{8BC9CEB8-8B4A-11D0-8D11-00A0C91BC942}") = "MpegVideo", "MpegVideo2005.vcproj", "{514BBF2F-B9E5-4D01-94DE-563236588058}"
	ProjectSection(ProjectDependencies) = postProject
		{F4892194-4D03-4CAC-85C0-351DCE97B1A8} = {F4892194-4D03-4CAC-85C0-351DCE97B1A8}
		{F4892194-4D03-4CAC-85C0-351DCE97B1A8} = {F4892194-4D03-4CAC-85C0-351DCE97B1A8}
		{F4892194-4D03-4CAC-85C0-351DCE97B1A8} = {F4892194-4D03-4CAC-85C0-351DCE97B1A8}
		{F4892194-4D03-4CAC-85C0-351DCE97B1A8} = {F4892194-4D03-4CAC-85C0-351DCE97B1A8}
		{F4892194-4D03-4CAC-85C0-351DCE97B1A8} = {F4892194-4D03-4CAC-85C0-351DCE97B1A8}
		{F4892194-4D03-4CAC-85C0-351DCE97B1A8} = {F4892194-4D03-4CAC-85C0-351DCE97B1A8}
		{F4892194-4D03-4CAC-85C0-351DCE97B1A8} = {F4892194-4D03-4CAC-85C0-351DCE97B1A8}
		{F4892194-4D03-4CAC-85C0-351DCE97B1A8} = {F4892194-4D03-4CAC-85C0-351DCE97B1A8}
		{F4892194-4D03-4CAC-85C0-351DCE97B1A8} = {F4892194-4D03-4CAC-85C0-351DCE97B1A8}
		{F4892194-4D03-4CAC-85C0-351DCE97B1A8} = {F4892194-4D03-4CAC-85C0-351DCE97B1A8}
		{D61929A4-D585-4652-89D0-8A732BEBFD1E} = {D61929A4-D585-4652-89D0-8A732BEBFD1E}
		{D7C544C4-B5C5-41E2-A575-0B13312692FD} = {D7C544C4-B5C5-41E2-A575-0B13312692FD}
		{AC92CAEE-0134-42A6-8F11-AC7948AB8E87} = {AC92CAEE-0134-42A6-8F11-AC7948AB8E87}
	EndProjectSection
EndProject
Project("{8BC9CEB8-8B4A-11D0-8D11-00A0C91BC942}") = "libmpeg2", "mpeg2dec\vc++\libmpeg22005.vcproj", "{D61929A4-D585-4652-89D0-8A732BEBFD1E}"
EndProject
Project("{8BC9CEB8-8B4A-11D0-8D11-00A0C91BC942}") = "Filter_Lib", "..\..\Filter_Lib\Filter_Lib2005.vcproj", "{F4892194-4D03-4CAC-85C0-351DCE97B1A8}"
	ProjectSection(ProjectDependencies) = postProject
		{0F39947C-180A-48C7-B5DE-454B968ADEB6} = {0F39947C-180A-48C7-B5DE-454B968ADEB6}
	EndProjectSection
EndProject
Project("{8BC9CEB8-8B4A-11D0-8D11-00A0C91BC942}") = "GenDMOProp", "..\..\..\GenDMOProp\GenDMOProp2005.vcproj", "{0F39947C-180A-48C7-B5DE-454B968ADEB6}"
EndProject
Project("{8BC9CEB8-8B4A-11D0-8D11-00A0C91BC942}") = "DeCSS", "..\..\DeCSS\DeCSS2005.vcproj", "{D7C544C4-B5C5-41E2-A575-0B13312692FD}"
EndProject
Project("{8BC9CEB8-8B4A-11D0-8D11-00A0C91BC942}") = "VideoOutPin", "..\..\VideoOutPin\VideoOutPin2005.vcproj", "{AC92CAEE-0134-42A6-8F11-AC7948AB8E87}"
	ProjectSection(ProjectDependencies) = postProject
		{0F39947C-180A-48C7-B5DE-454B968ADEB6} = {0F39947C-180A-48C7-B5DE-454B968ADEB6}
	EndProjectSection
EndProject
Global
	GlobalSection(SolutionConfigurationPlatforms) = preSolution
		Debug|Win32 = Debug|Win32
		Release|Win32 = Release|Win32
	EndGlobalSection
	GlobalSection(ProjectConfigurationPlatforms) = postSolution
		{514BBF2F-B9E5-4D01-94DE-563236588058}.Debug|Win32.ActiveCfg = Debug|Win32
		{514BBF2F-B9E5-4D01-94DE-563236588058}.Debug|Win32.Build.0 = Debug|Win32
		{514BBF2F-B9E5-4D01-94DE-563236588058}.Release|Win32.ActiveCfg = Release|Win32
		{514BBF2F-B9E5-4D01-94DE-563236588058}.Release|Win32.Build.0 = Release|Win32
		{D61929A4-D585-4652-89D0-8A732BEBFD1E}.Debug|Win32.ActiveCfg = Debug|Win32
		{D61929A4-D585-4652-89D0-8A732BEBFD1E}.Debug|Win32.Build.0 = Debug|Win32
		{D61929A4-D585-4652-89D0-8A732BEBFD1E}.Release|Win32.ActiveCfg = Release|Win32
		{D61929A4-D585-4652-89D0-8A732BEBFD1E}.Release|Win32.Build.0 = Release|Win32
		{F4892194-4D03-4CAC-85C0-351DCE97B1A8}.Debug|Win32.ActiveCfg = Debug|Win32
		{F4892194-4D03-4CAC-85C0-351DCE97B1A8}.Debug|Win32.Build.0 = Debug|Win32
		{F4892194-4D03-4CAC-85C0-351DCE97B1A8}.Release|Win32.ActiveCfg = Release|Win32
		{F4892194-4D03-4CAC-85C0-351DCE97B1A8}.Release|Win32.Build.0 = Release|Win32
		{0F39947C-180A-48C7-B5DE-454B968ADEB6}.Debug|Win32.ActiveCfg = Debug|Win32
		{0F39947C-180A-48C7-B5DE-454B968ADEB6}.Debug|Win32.Build.0 = Debug|Win32
		{0F39947C-180A-48C7-B5DE-454B968ADEB6}.Release|Win32.ActiveCfg = Release|Win32
		{0F39947C-180A-48C7-B5DE-454B968ADEB6}.Release|Win32.Build.0 = Release|Win32
		{D7C544C4-B5C5-41E2-A575-0B13312692FD}.Debug|Win32.ActiveCfg = Debug|Win32
		{D7C544C4-B5C5-41E2-A575-0B13312692FD}.Debug|Win32.Build.0 = Debug|Win32
		{D7C544C4-B5C5-41E2-A575-0B13312692FD}.Release|Win32.ActiveCfg = Release|Win32
		{D7C544C4-B5C5-41E2-A575-0B13312692FD}.Release|Win32.Build.0 = Release|Win32
		{AC92CAEE-0134-42A6-8F11-AC7948AB8E87}.Debug|Win32.ActiveCfg = Debug|Win32
		{AC92CAEE-0134-42A6-8F11-AC7948AB8E87}.Debug|Win32.Build.0 = Debug|Win32
		{AC92CAEE-0134-42A6-8F11-AC7948AB8E87}.Release|Win32.ActiveCfg = Release|Win32
		{AC92CAEE-0134-42A6-8F11-AC7948AB8E87}.Release|Win32.Build.0 = Release|Win32
	EndGlobalSection
	GlobalSection(SolutionProperties) = preSolution
		HideSolutionNode = FALSE
	EndGlobalSection
EndGlobal
